
Microsoft Visual Studio Solution File, Format Version 12.00
# Visual Studio Version 16
VisualStudioVersion = 16.0.31515.178
MinimumVisualStudioVersion = 10.0.40219.1
Project("{FAE04EC0-301F-11D3-BF4B-00C04F79EFBC}") = "Factory Pattern", "Factory Pattern\Factory Pattern.csproj", "{89CD9A68-306A-45AA-A0B5-155D4E40A779}"
EndProject
Global
	GlobalSection(SolutionConfigurationPlatforms) = preSolution
		Debug|Any CPU = Debug|Any CPU
		Release|Any CPU = Release|Any CPU
	EndGlobalSection
	GlobalSection(ProjectConfigurationPlatforms) = postSolution
		{89CD9A68-306A-45AA-A0B5-155D4E40A779}.Debug|Any CPU.ActiveCfg = Debug|Any CPU
		{89CD9A68-306A-45AA-A0B5-155D4E40A779}.Debug|Any CPU.Build.0 = Debug|Any CPU
		{89CD9A68-306A-45AA-A0B5-155D4E40A779}.Release|Any CPU.ActiveCfg = Release|Any CPU
		{89CD9A68-306A-45AA-A0B5-155D4E40A779}.Release|Any CPU.Build.0 = Release|Any CPU
	EndGlobalSection
	GlobalSection(SolutionProperties) = preSolution
		HideSolutionNode = FALSE
	EndGlobalSection
	GlobalSection(ExtensibilityGlobals) = postSolution
		SolutionGuid = {4585F606-514E-4525-ADF8-B8BED9BB5A4B}
	EndGlobalSection
EndGlobal
